// !$*UTF8*$!
{
	archiveVersion = 1;
	classes = {
	};
	objectVersion = 46;
	objects = {

/* Begin PBXBuildFile section */
		843A8B581CE4EB1100CE797C /* Realm.framework in Frameworks */ = {isa = PBXBuildFile; fileRef = 843A8B561CE4EB1100CE797C /* Realm.framework */; };
		843A8B591CE4EB1100CE797C /* Realm.framework in Embed Frameworks */ = {isa = PBXBuildFile; fileRef = 843A8B561CE4EB1100CE797C /* Realm.framework */; settings = {ATTRIBUTES = (CodeSignOnCopy, RemoveHeadersOnCopy, ); }; };
		843A8B5A1CE4EB1200CE797C /* RealmSwift.framework in Frameworks */ = {isa = PBXBuildFile; fileRef = 843A8B571CE4EB1100CE797C /* RealmSwift.framework */; };
		843A8B5B1CE4EB1200CE797C /* RealmSwift.framework in Embed Frameworks */ = {isa = PBXBuildFile; fileRef = 843A8B571CE4EB1100CE797C /* RealmSwift.framework */; settings = {ATTRIBUTES = (CodeSignOnCopy, RemoveHeadersOnCopy, ); }; };
		8442B5831CE5C4510027A9F6 /* ColorTableViewController.swift in Sources */ = {isa = PBXBuildFile; fileRef = 8442B5821CE5C4510027A9F6 /* ColorTableViewController.swift */; };
		84C855261CEAF9B3002FBE4B /* opaqueView.swift in Sources */ = {isa = PBXBuildFile; fileRef = 84C855251CEAF9B3002FBE4B /* opaqueView.swift */; };
		84D324E61CE4F663008D2E32 /* DataBase.swift in Sources */ = {isa = PBXBuildFile; fileRef = 84D324E51CE4F663008D2E32 /* DataBase.swift */; };
		84D3E91B1CF6FFB900E5C0D3 /* ColorCell.swift in Sources */ = {isa = PBXBuildFile; fileRef = 84D3E91A1CF6FFB900E5C0D3 /* ColorCell.swift */; };
		84DDAB211CDCED05009893E3 /* AppDelegate.swift in Sources */ = {isa = PBXBuildFile; fileRef = 84DDAB201CDCED05009893E3 /* AppDelegate.swift */; };
		84DDAB231CDCED05009893E3 /* ViewController.swift in Sources */ = {isa = PBXBuildFile; fileRef = 84DDAB221CDCED05009893E3 /* ViewController.swift */; };
		84DDAB261CDCED05009893E3 /* Main.storyboard in Resources */ = {isa = PBXBuildFile; fileRef = 84DDAB241CDCED05009893E3 /* Main.storyboard */; };
		84DDAB281CDCED05009893E3 /* Assets.xcassets in Resources */ = {isa = PBXBuildFile; fileRef = 84DDAB271CDCED05009893E3 /* Assets.xcassets */; };
		84DDAB2B1CDCED05009893E3 /* LaunchScreen.storyboard in Resources */ = {isa = PBXBuildFile; fileRef = 84DDAB291CDCED05009893E3 /* LaunchScreen.storyboard */; };
		84E743811CEC9EB900849222 /* ImageScrollView.swift in Sources */ = {isa = PBXBuildFile; fileRef = 84E743801CEC9EB800849222 /* ImageScrollView.swift */; };
		84EEC8DA1CEDD15A00152F07 /* DragNDropViewController.swift in Sources */ = {isa = PBXBuildFile; fileRef = 84EEC8D91CEDD15A00152F07 /* DragNDropViewController.swift */; };
		84F3A1641CDF9C4B00C238D6 /* ColorModel.swift in Sources */ = {isa = PBXBuildFile; fileRef = 84F3A1631CDF9C4B00C238D6 /* ColorModel.swift */; };
		A52BA5691D09AB4E00532F38 /* roundedButton.swift in Sources */ = {isa = PBXBuildFile; fileRef = A52BA5681D09AB4E00532F38 /* roundedButton.swift */; };
		A52BA56B1D09ABE500532F38 /* getRGBFromColor.swift in Sources */ = {isa = PBXBuildFile; fileRef = A52BA56A1D09ABE500532F38 /* getRGBFromColor.swift */; };
		A52BA56D1D09AC2100532F38 /* fixOrientation.swift in Sources */ = {isa = PBXBuildFile; fileRef = A52BA56C1D09AC2100532F38 /* fixOrientation.swift */; };
		A52BA56F1D09AC5100532F38 /* getColorOfPixel.swift in Sources */ = {isa = PBXBuildFile; fileRef = A52BA56E1D09AC5100532F38 /* getColorOfPixel.swift */; };
		A52BA5711D09AC8600532F38 /* randomColor.swift in Sources */ = {isa = PBXBuildFile; fileRef = A52BA5701D09AC8600532F38 /* randomColor.swift */; };
/* End PBXBuildFile section */

/* Begin PBXCopyFilesBuildPhase section */
		843A8B5C1CE4EB1200CE797C /* Embed Frameworks */ = {
			isa = PBXCopyFilesBuildPhase;
			buildActionMask = 2147483647;
			dstPath = "";
			dstSubfolderSpec = 10;
			files = (
				843A8B5B1CE4EB1200CE797C /* RealmSwift.framework in Embed Frameworks */,
				843A8B591CE4EB1100CE797C /* Realm.framework in Embed Frameworks */,
			);
			name = "Embed Frameworks";
			runOnlyForDeploymentPostprocessing = 0;
		};
/* End PBXCopyFilesBuildPhase section */

/* Begin PBXFileReference section */
		843A8B561CE4EB1100CE797C /* Realm.framework */ = {isa = PBXFileReference; lastKnownFileType = wrapper.framework; path = Realm.framework; sourceTree = "<group>"; };
		843A8B571CE4EB1100CE797C /* RealmSwift.framework */ = {isa = PBXFileReference; lastKnownFileType = wrapper.framework; path = RealmSwift.framework; sourceTree = "<group>"; };
		8442B5821CE5C4510027A9F6 /* ColorTableViewController.swift */ = {isa = PBXFileReference; fileEncoding = 4; lastKnownFileType = sourcecode.swift; path = ColorTableViewController.swift; sourceTree = "<group>"; };
		84C855251CEAF9B3002FBE4B /* opaqueView.swift */ = {isa = PBXFileReference; fileEncoding = 4; lastKnownFileType = sourcecode.swift; path = opaqueView.swift; sourceTree = "<group>"; };
		84D324E51CE4F663008D2E32 /* DataBase.swift */ = {isa = PBXFileReference; fileEncoding = 4; lastKnownFileType = sourcecode.swift; path = DataBase.swift; sourceTree = "<group>"; };
		84D3E91A1CF6FFB900E5C0D3 /* ColorCell.swift */ = {isa = PBXFileReference; fileEncoding = 4; lastKnownFileType = sourcecode.swift; path = ColorCell.swift; sourceTree = "<group>"; };
		84DDAB1D1CDCED05009893E3 /* SimpleColors.app */ = {isa = PBXFileReference; explicitFileType = wrapper.application; includeInIndex = 0; path = SimpleColors.app; sourceTree = BUILT_PRODUCTS_DIR; };
		84DDAB201CDCED05009893E3 /* AppDelegate.swift */ = {isa = PBXFileReference; lastKnownFileType = sourcecode.swift; path = AppDelegate.swift; sourceTree = "<group>"; };
		84DDAB221CDCED05009893E3 /* ViewController.swift */ = {isa = PBXFileReference; lastKnownFileType = sourcecode.swift; path = ViewController.swift; sourceTree = "<group>"; };
		84DDAB251CDCED05009893E3 /* Base */ = {isa = PBXFileReference; lastKnownFileType = file.storyboard; name = Base; path = Base.lproj/Main.storyboard; sourceTree = "<group>"; };
		84DDAB271CDCED05009893E3 /* Assets.xcassets */ = {isa = PBXFileReference; lastKnownFileType = folder.assetcatalog; path = Assets.xcassets; sourceTree = "<group>"; };
		84DDAB2A1CDCED05009893E3 /* Base */ = {isa = PBXFileReference; lastKnownFileType = file.storyboard; name = Base; path = Base.lproj/LaunchScreen.storyboard; sourceTree = "<group>"; };
		84DDAB2C1CDCED05009893E3 /* Info.plist */ = {isa = PBXFileReference; lastKnownFileType = text.plist.xml; path = Info.plist; sourceTree = "<group>"; };
		84E743801CEC9EB800849222 /* ImageScrollView.swift */ = {isa = PBXFileReference; fileEncoding = 4; lastKnownFileType = sourcecode.swift; path = ImageScrollView.swift; sourceTree = "<group>"; };
		84EEC8D91CEDD15A00152F07 /* DragNDropViewController.swift */ = {isa = PBXFileReference; fileEncoding = 4; lastKnownFileType = sourcecode.swift; path = DragNDropViewController.swift; sourceTree = "<group>"; };
		84F3A1631CDF9C4B00C238D6 /* ColorModel.swift */ = {isa = PBXFileReference; fileEncoding = 4; lastKnownFileType = sourcecode.swift; path = ColorModel.swift; sourceTree = "<group>"; };
		A52BA5681D09AB4E00532F38 /* roundedButton.swift */ = {isa = PBXFileReference; fileEncoding = 4; lastKnownFileType = sourcecode.swift; path = roundedButton.swift; sourceTree = "<group>"; };
		A52BA56A1D09ABE500532F38 /* getRGBFromColor.swift */ = {isa = PBXFileReference; fileEncoding = 4; lastKnownFileType = sourcecode.swift; path = getRGBFromColor.swift; sourceTree = "<group>"; };
		A52BA56C1D09AC2100532F38 /* fixOrientation.swift */ = {isa = PBXFileReference; fileEncoding = 4; lastKnownFileType = sourcecode.swift; path = fixOrientation.swift; sourceTree = "<group>"; };
		A52BA56E1D09AC5100532F38 /* getColorOfPixel.swift */ = {isa = PBXFileReference; fileEncoding = 4; lastKnownFileType = sourcecode.swift; path = getColorOfPixel.swift; sourceTree = "<group>"; };
		A52BA5701D09AC8600532F38 /* randomColor.swift */ = {isa = PBXFileReference; fileEncoding = 4; lastKnownFileType = sourcecode.swift; path = randomColor.swift; sourceTree = "<group>"; };
/* End PBXFileReference section */

/* Begin PBXFrameworksBuildPhase section */
		84DDAB1A1CDCED05009893E3 /* Frameworks */ = {
			isa = PBXFrameworksBuildPhase;
			buildActionMask = 2147483647;
			files = (
				843A8B5A1CE4EB1200CE797C /* RealmSwift.framework in Frameworks */,
				843A8B581CE4EB1100CE797C /* Realm.framework in Frameworks */,
			);
			runOnlyForDeploymentPostprocessing = 0;
		};
/* End PBXFrameworksBuildPhase section */

/* Begin PBXGroup section */
		84C855271CEAFDA3002FBE4B /* Controller */ = {
			isa = PBXGroup;
			children = (
				84DDAB221CDCED05009893E3 /* ViewController.swift */,
				8442B5821CE5C4510027A9F6 /* ColorTableViewController.swift */,
				84E743801CEC9EB800849222 /* ImageScrollView.swift */,
				84EEC8D91CEDD15A00152F07 /* DragNDropViewController.swift */,
				84D3E91A1CF6FFB900E5C0D3 /* ColorCell.swift */,
			);
			name = Controller;
			sourceTree = "<group>";
		};
		84C855281CEAFDB4002FBE4B /* Model */ = {
			isa = PBXGroup;
			children = (
				84D324E51CE4F663008D2E32 /* DataBase.swift */,
				84F3A1631CDF9C4B00C238D6 /* ColorModel.swift */,
			);
			name = Model;
			sourceTree = "<group>";
		};
		84DDAB141CDCED05009893E3 = {
			isa = PBXGroup;
			children = (
				843A8B561CE4EB1100CE797C /* Realm.framework */,
				843A8B571CE4EB1100CE797C /* RealmSwift.framework */,
				84DDAB1F1CDCED05009893E3 /* SimpleColors */,
				84DDAB1E1CDCED05009893E3 /* Products */,
			);
			sourceTree = "<group>";
		};
		84DDAB1E1CDCED05009893E3 /* Products */ = {
			isa = PBXGroup;
			children = (
				84DDAB1D1CDCED05009893E3 /* SimpleColors.app */,
			);
			name = Products;
			sourceTree = "<group>";
		};
		84DDAB1F1CDCED05009893E3 /* SimpleColors */ = {
			isa = PBXGroup;
			children = (
				A52BA5671D09AB0500532F38 /* Utilities methods */,
				84DDAB201CDCED05009893E3 /* AppDelegate.swift */,
				84C855281CEAFDB4002FBE4B /* Model */,
				84C855271CEAFDA3002FBE4B /* Controller */,
				84DDAB241CDCED05009893E3 /* Main.storyboard */,
				84DDAB271CDCED05009893E3 /* Assets.xcassets */,
				84DDAB291CDCED05009893E3 /* LaunchScreen.storyboard */,
				84DDAB2C1CDCED05009893E3 /* Info.plist */,
			);
			path = SimpleColors;
			sourceTree = "<group>";
		};
		A52BA5671D09AB0500532F38 /* Utilities methods */ = {
			isa = PBXGroup;
			children = (
				84C855251CEAF9B3002FBE4B /* opaqueView.swift */,
				A52BA5681D09AB4E00532F38 /* roundedButton.swift */,
				A52BA56A1D09ABE500532F38 /* getRGBFromColor.swift */,
				A52BA56C1D09AC2100532F38 /* fixOrientation.swift */,
				A52BA56E1D09AC5100532F38 /* getColorOfPixel.swift */,
				A52BA5701D09AC8600532F38 /* randomColor.swift */,
			);
			name = "Utilities methods";
			sourceTree = "<group>";
		};
/* End PBXGroup section */

/* Begin PBXNativeTarget section */
		84DDAB1C1CDCED05009893E3 /* SimpleColors */ = {
			isa = PBXNativeTarget;
			buildConfigurationList = 84DDAB2F1CDCED05009893E3 /* Build configuration list for PBXNativeTarget "SimpleColors" */;
			buildPhases = (
				84DDAB191CDCED05009893E3 /* Sources */,
				84DDAB1A1CDCED05009893E3 /* Frameworks */,
				84DDAB1B1CDCED05009893E3 /* Resources */,
				843A8B5C1CE4EB1200CE797C /* Embed Frameworks */,
				843A8B5D1CE4EB6500CE797C /* ShellScript */,
			);
			buildRules = (
			);
			dependencies = (
			);
			name = SimpleColors;
			productName = SimpleColors;
			productReference = 84DDAB1D1CDCED05009893E3 /* SimpleColors.app */;
			productType = "com.apple.product-type.application";
		};
/* End PBXNativeTarget section */

/* Begin PBXProject section */
		84DDAB151CDCED05009893E3 /* Project object */ = {
			isa = PBXProject;
			attributes = {
				LastSwiftUpdateCheck = 0710;
				LastUpgradeCheck = 0710;
				ORGANIZATIONNAME = Serj;
				TargetAttributes = {
					84DDAB1C1CDCED05009893E3 = {
						CreatedOnToolsVersion = 7.1.1;
						DevelopmentTeam = Y3W3883E2B;
					};
				};
			};
			buildConfigurationList = 84DDAB181CDCED05009893E3 /* Build configuration list for PBXProject "SimpleColors" */;
			compatibilityVersion = "Xcode 3.2";
			developmentRegion = English;
			hasScannedForEncodings = 0;
			knownRegions = (
				en,
				Base,
			);
			mainGroup = 84DDAB141CDCED05009893E3;
			productRefGroup = 84DDAB1E1CDCED05009893E3 /* Products */;
			projectDirPath = "";
			projectRoot = "";
			targets = (
				84DDAB1C1CDCED05009893E3 /* SimpleColors */,
			);
		};
/* End PBXProject section */

/* Begin PBXResourcesBuildPhase section */
		84DDAB1B1CDCED05009893E3 /* Resources */ = {
			isa = PBXResourcesBuildPhase;
			buildActionMask = 2147483647;
			files = (
				84DDAB2B1CDCED05009893E3 /* LaunchScreen.storyboard in Resources */,
				84DDAB281CDCED05009893E3 /* Assets.xcassets in Resources */,
				84DDAB261CDCED05009893E3 /* Main.storyboard in Resources */,
			);
			runOnlyForDeploymentPostprocessing = 0;
		};
/* End PBXResourcesBuildPhase section */

/* Begin PBXShellScriptBuildPhase section */
		843A8B5D1CE4EB6500CE797C /* ShellScript */ = {
			isa = PBXShellScriptBuildPhase;
			buildActionMask = 2147483647;
			files = (
			);
			inputPaths = (
			);
			outputPaths = (
			);
			runOnlyForDeploymentPostprocessing = 0;
			shellPath = /bin/sh;
			shellScript = "bash \"${BUILT_PRODUCTS_DIR}/${FRAMEWORKS_FOLDER_PATH}/Realm.framework/strip-frameworks.sh\"";
		};
/* End PBXShellScriptBuildPhase section */

/* Begin PBXSourcesBuildPhase section */
		84DDAB191CDCED05009893E3 /* Sources */ = {
			isa = PBXSourcesBuildPhase;
			buildActionMask = 2147483647;
			files = (
				A52BA56F1D09AC5100532F38 /* getColorOfPixel.swift in Sources */,
				84DDAB231CDCED05009893E3 /* ViewController.swift in Sources */,
				A52BA5691D09AB4E00532F38 /* roundedButton.swift in Sources */,
				84E743811CEC9EB900849222 /* ImageScrollView.swift in Sources */,
				A52BA56B1D09ABE500532F38 /* getRGBFromColor.swift in Sources */,
				84D3E91B1CF6FFB900E5C0D3 /* ColorCell.swift in Sources */,
				84EEC8DA1CEDD15A00152F07 /* DragNDropViewController.swift in Sources */,
				84F3A1641CDF9C4B00C238D6 /* ColorModel.swift in Sources */,
				A52BA5711D09AC8600532F38 /* randomColor.swift in Sources */,
				84D324E61CE4F663008D2E32 /* DataBase.swift in Sources */,
				84C855261CEAF9B3002FBE4B /* opaqueView.swift in Sources */,
				8442B5831CE5C4510027A9F6 /* ColorTableViewController.swift in Sources */,
				A52BA56D1D09AC2100532F38 /* fixOrientation.swift in Sources */,
				84DDAB211CDCED05009893E3 /* AppDelegate.swift in Sources */,
			);
			runOnlyForDeploymentPostprocessing = 0;
		};
/* End PBXSourcesBuildPhase section */

/* Begin PBXVariantGroup section */
		84DDAB241CDCED05009893E3 /* Main.storyboard */ = {
			isa = PBXVariantGroup;
			children = (
				84DDAB251CDCED05009893E3 /* Base */,
			);
			name = Main.storyboard;
			sourceTree = "<group>";
		};
		84DDAB291CDCED05009893E3 /* LaunchScreen.storyboard */ = {
			isa = PBXVariantGroup;
			children = (
				84DDAB2A1CDCED05009893E3 /* Base */,
			);
			name = LaunchScreen.storyboard;
			sourceTree = "<group>";
		};
/* End PBXVariantGroup section */

/* Begin XCBuildConfiguration section */
		84DDAB2D1CDCED05009893E3 /* Debug */ = {
			isa = XCBuildConfiguration;
			buildSettings = {
				ALWAYS_SEARCH_USER_PATHS = NO;
				CLANG_CXX_LANGUAGE_STANDARD = "gnu++0x";
				CLANG_CXX_LIBRARY = "libc++";
				CLANG_ENABLE_MODULES = YES;
				CLANG_ENABLE_OBJC_ARC = YES;
				CLANG_WARN_BOOL_CONVERSION = YES;
				CLANG_WARN_CONSTANT_CONVERSION = YES;
				CLANG_WARN_DIRECT_OBJC_ISA_USAGE = YES_ERROR;
				CLANG_WARN_EMPTY_BODY = YES;
				CLANG_WARN_ENUM_CONVERSION = YES;
				CLANG_WARN_INT_CONVERSION = YES;
				CLANG_WARN_OBJC_ROOT_CLASS = YES_ERROR;
				CLANG_WARN_UNREACHABLE_CODE = YES;
				CLANG_WARN__DUPLICATE_METHOD_MATCH = YES;
				"CODE_SIGN_IDENTITY[sdk=iphoneos*]" = "iPhone Developer";
				COPY_PHASE_STRIP = NO;
				DEBUG_INFORMATION_FORMAT = dwarf;
				ENABLE_STRICT_OBJC_MSGSEND = YES;
				ENABLE_TESTABILITY = YES;
				GCC_C_LANGUAGE_STANDARD = gnu99;
				GCC_DYNAMIC_NO_PIC = NO;
				GCC_NO_COMMON_BLOCKS = YES;
				GCC_OPTIMIZATION_LEVEL = 0;
				GCC_PREPROCESSOR_DEFINITIONS = (
					"DEBUG=1",
					"$(inherited)",
				);
				GCC_WARN_64_TO_32_BIT_CONVERSION = YES;
				GCC_WARN_ABOUT_RETURN_TYPE = YES_ERROR;
				GCC_WARN_UNDECLARED_SELECTOR = YES;
				GCC_WARN_UNINITIALIZED_AUTOS = YES_AGGRESSIVE;
				GCC_WARN_UNUSED_FUNCTION = YES;
				GCC_WARN_UNUSED_VARIABLE = YES;
				IPHONEOS_DEPLOYMENT_TARGET = 9.1;
				MTL_ENABLE_DEBUG_INFO = YES;
				ONLY_ACTIVE_ARCH = YES;
				SDKROOT = iphoneos;
				SWIFT_OPTIMIZATION_LEVEL = "-Onone";
			};
			name = Debug;
		};
		84DDAB2E1CDCED05009893E3 /* Release */ = {
			isa = XCBuildConfiguration;
			buildSettings = {
				ALWAYS_SEARCH_USER_PATHS = NO;
				CLANG_CXX_LANGUAGE_STANDARD = "gnu++0x";
				CLANG_CXX_LIBRARY = "libc++";
				CLANG_ENABLE_MODULES = YES;
				CLANG_ENABLE_OBJC_ARC = YES;
				CLANG_WARN_BOOL_CONVERSION = YES;
				CLANG_WARN_CONSTANT_CONVERSION = YES;
				CLANG_WARN_DIRECT_OBJC_ISA_USAGE = YES_ERROR;
				CLANG_WARN_EMPTY_BODY = YES;
				CLANG_WARN_ENUM_CONVERSION = YES;
				CLANG_WARN_INT_CONVERSION = YES;
				CLANG_WARN_OBJC_ROOT_CLASS = YES_ERROR;
				CLANG_WARN_UNREACHABLE_CODE = YES;
				CLANG_WARN__DUPLICATE_METHOD_MATCH = YES;
				"CODE_SIGN_IDENTITY[sdk=iphoneos*]" = "iPhone Developer";
				COPY_PHASE_STRIP = NO;
				DEBUG_INFORMATION_FORMAT = "dwarf-with-dsym";
				ENABLE_NS_ASSERTIONS = NO;
				ENABLE_STRICT_OBJC_MSGSEND = YES;
				GCC_C_LANGUAGE_STANDARD = gnu99;
				GCC_NO_COMMON_BLOCKS = YES;
				GCC_WARN_64_TO_32_BIT_CONVERSION = YES;
				GCC_WARN_ABOUT_RETURN_TYPE = YES_ERROR;
				GCC_WARN_UNDECLARED_SELECTOR = YES;
				GCC_WARN_UNINITIALIZED_AUTOS = YES_AGGRESSIVE;
				GCC_WARN_UNUSED_FUNCTION = YES;
				GCC_WARN_UNUSED_VARIABLE = YES;
				IPHONEOS_DEPLOYMENT_TARGET = 9.1;
				MTL_ENABLE_DEBUG_INFO = NO;
				SDKROOT = iphoneos;
				VALIDATE_PRODUCT = YES;
			};
			name = Release;
		};
		84DDAB301CDCED05009893E3 /* Debug */ = {
			isa = XCBuildConfiguration;
			buildSettings = {
				ASSETCATALOG_COMPILER_APPICON_NAME = AppIcon;
				CODE_SIGN_IDENTITY = "iPhone Developer";
				"CODE_SIGN_IDENTITY[sdk=iphoneos*]" = "iPhone Developer";
				FRAMEWORK_SEARCH_PATHS = (
					"$(inherited)",
					"$(PROJECT_DIR)",
				);
				INFOPLIST_FILE = SimpleColors/Info.plist;
				IPHONEOS_DEPLOYMENT_TARGET = 9.0;
				LD_RUNPATH_SEARCH_PATHS = "$(inherited) @executable_path/Frameworks";
				PRODUCT_BUNDLE_IDENTIFIER = Serj.SimpleColors;
				PRODUCT_NAME = "$(TARGET_NAME)";
				PROVISIONING_PROFILE = "";
			};
			name = Debug;
		};
		84DDAB311CDCED05009893E3 /* Release */ = {
			isa = XCBuildConfiguration;
			buildSettings = {
				ASSETCATALOG_COMPILER_APPICON_NAME = AppIcon;
				CODE_SIGN_IDENTITY = "iPhone Developer";
				"CODE_SIGN_IDENTITY[sdk=iphoneos*]" = "iPhone Developer";
				FRAMEWORK_SEARCH_PATHS = (
					"$(inherited)",
					"$(PROJECT_DIR)",
				);
				INFOPLIST_FILE = SimpleColors/Info.plist;
				IPHONEOS_DEPLOYMENT_TARGET = 9.0;
				LD_RUNPATH_SEARCH_PATHS = "$(inherited) @executable_path/Frameworks";
				PRODUCT_BUNDLE_IDENTIFIER = Serj.SimpleColors;
				PRODUCT_NAME = "$(TARGET_NAME)";
				PROVISIONING_PROFILE = "";
			};
			name = Release;
		};
/* End XCBuildConfiguration section */

/* Begin XCConfigurationList section */
		84DDAB181CDCED05009893E3 /* Build configuration list for PBXProject "SimpleColors" */ = {
			isa = XCConfigurationList;
			buildConfigurations = (
				84DDAB2D1CDCED05009893E3 /* Debug */,
				84DDAB2E1CDCED05009893E3 /* Release */,
			);
			defaultConfigurationIsVisible = 0;
			defaultConfigurationName = Release;
		};
		84DDAB2F1CDCED05009893E3 /* Build configuration list for PBXNativeTarget "SimpleColors" */ = {
			isa = XCConfigurationList;
			buildConfigurations = (
				84DDAB301CDCED05009893E3 /* Debug */,
				84DDAB311CDCED05009893E3 /* Release */,
			);
			defaultConfigurationIsVisible = 0;
			defaultConfigurationName = Release;
		};
/* End XCConfigurationList section */
	};
	rootObject = 84DDAB151CDCED05009893E3 /* Project object */;
}
